
Microsoft Visual Studio Solution File, Format Version 12.00
# Visual Studio Version 16
VisualStudioVersion = 16.0.29911.84
MinimumVisualStudioVersion = 10.0.40219.1
Project("{9A19103F-16F7-4668-BE54-9A1E7A4F7556}") = "TorrentClient.WPF", "TorrentClient.WPF\TorrentClient.WPF.csproj", "{B9A557FB-301E-47DC-96B9-83790AD04857}"
EndProject
Project("{9A19103F-16F7-4668-BE54-9A1E7A4F7556}") = "TorrentClient.Service", "TorrentClient.Service\TorrentClient.Service.csproj", "{F9E010F5-EDE6-40EB-B5E0-41456D46A0F7}"
EndProject
Project("{9A19103F-16F7-4668-BE54-9A1E7A4F7556}") = "TorrentClient.Tests", "TorrentClient.Tests\TorrentClient.Tests.csproj", "{ADAF5601-17F4-4929-8B1C-C9BA497A4FB9}"
EndProject
Project("{9A19103F-16F7-4668-BE54-9A1E7A4F7556}") = "TorrentClient.TestConsole", "TorrentClient.TestConsole\TorrentClient.TestConsole.csproj", "{946B44F0-780D-4147-BA71-05593B3135CF}"
EndProject
Project("{9A19103F-16F7-4668-BE54-9A1E7A4F7556}") = "TorrentClient.Client", "TorrentClient.Client\TorrentClient.Client.csproj", "{2D4E05B5-0B6E-449D-A481-AFA0067361D4}"
EndProject
Global
	GlobalSection(SolutionConfigurationPlatforms) = preSolution
		Debug|Any CPU = Debug|Any CPU
		Release|Any CPU = Release|Any CPU
	EndGlobalSection
	GlobalSection(ProjectConfigurationPlatforms) = postSolution
		{B9A557FB-301E-47DC-96B9-83790AD04857}.Debug|Any CPU.ActiveCfg = Debug|Any CPU
		{B9A557FB-301E-47DC-96B9-83790AD04857}.Debug|Any CPU.Build.0 = Debug|Any CPU
		{B9A557FB-301E-47DC-96B9-83790AD04857}.Release|Any CPU.ActiveCfg = Release|Any CPU
		{B9A557FB-301E-47DC-96B9-83790AD04857}.Release|Any CPU.Build.0 = Release|Any CPU
		{F9E010F5-EDE6-40EB-B5E0-41456D46A0F7}.Debug|Any CPU.ActiveCfg = Debug|Any CPU
		{F9E010F5-EDE6-40EB-B5E0-41456D46A0F7}.Debug|Any CPU.Build.0 = Debug|Any CPU
		{F9E010F5-EDE6-40EB-B5E0-41456D46A0F7}.Release|Any CPU.ActiveCfg = Release|Any CPU
		{F9E010F5-EDE6-40EB-B5E0-41456D46A0F7}.Release|Any CPU.Build.0 = Release|Any CPU
		{ADAF5601-17F4-4929-8B1C-C9BA497A4FB9}.Debug|Any CPU.ActiveCfg = Debug|Any CPU
		{ADAF5601-17F4-4929-8B1C-C9BA497A4FB9}.Debug|Any CPU.Build.0 = Debug|Any CPU
		{ADAF5601-17F4-4929-8B1C-C9BA497A4FB9}.Release|Any CPU.ActiveCfg = Release|Any CPU
		{ADAF5601-17F4-4929-8B1C-C9BA497A4FB9}.Release|Any CPU.Build.0 = Release|Any CPU
		{946B44F0-780D-4147-BA71-05593B3135CF}.Debug|Any CPU.ActiveCfg = Debug|Any CPU
		{946B44F0-780D-4147-BA71-05593B3135CF}.Debug|Any CPU.Build.0 = Debug|Any CPU
		{946B44F0-780D-4147-BA71-05593B3135CF}.Release|Any CPU.ActiveCfg = Release|Any CPU
		{946B44F0-780D-4147-BA71-05593B3135CF}.Release|Any CPU.Build.0 = Release|Any CPU
		{2D4E05B5-0B6E-449D-A481-AFA0067361D4}.Debug|Any CPU.ActiveCfg = Debug|Any CPU
		{2D4E05B5-0B6E-449D-A481-AFA0067361D4}.Debug|Any CPU.Build.0 = Debug|Any CPU
		{2D4E05B5-0B6E-449D-A481-AFA0067361D4}.Release|Any CPU.ActiveCfg = Release|Any CPU
		{2D4E05B5-0B6E-449D-A481-AFA0067361D4}.Release|Any CPU.Build.0 = Release|Any CPU
	EndGlobalSection
	GlobalSection(SolutionProperties) = preSolution
		HideSolutionNode = FALSE
	EndGlobalSection
	GlobalSection(ExtensibilityGlobals) = postSolution
		SolutionGuid = {FD18290C-4B5A-4A31-9347-581A75902252}
	EndGlobalSection
EndGlobal
